
Microsoft Visual Studio Solution File, Format Version 12.00
# Visual Studio Version 17
VisualStudioVersion = 17.5.33516.290
MinimumVisualStudioVersion = 10.0.40219.1
Project("{FAE04EC0-301F-11D3-BF4B-00C04F79EFBC}") = "RC-IS", "RC-IS.csproj", "{0F0D7C09-1F0A-41E6-A59A-471D7CE2D48D}"
EndProject
Global
	GlobalSection(SolutionConfigurationPlatforms) = preSolution
		Debug|Any CPU = Debug|Any CPU
		Release|Any CPU = Release|Any CPU
	EndGlobalSection
	GlobalSection(ProjectConfigurationPlatforms) = postSolution
		{0F0D7C09-1F0A-41E6-A59A-471D7CE2D48D}.Debug|Any CPU.ActiveCfg = Debug|Any CPU
		{0F0D7C09-1F0A-41E6-A59A-471D7CE2D48D}.Debug|Any CPU.Build.0 = Debug|Any CPU
		{0F0D7C09-1F0A-41E6-A59A-471D7CE2D48D}.Release|Any CPU.ActiveCfg = Release|Any CPU
		{0F0D7C09-1F0A-41E6-A59A-471D7CE2D48D}.Release|Any CPU.Build.0 = Release|Any CPU
	EndGlobalSection
	GlobalSection(SolutionProperties) = preSolution
		HideSolutionNode = FALSE
	EndGlobalSection
	GlobalSection(ExtensibilityGlobals) = postSolution
		SolutionGuid = {8B47604E-9088-4DB7-9700-16ABDE817632}
	EndGlobalSection
EndGlobal
